
Microsoft Visual Studio Solution File, Format Version 12.00
# Visual Studio Version 16
VisualStudioVersion = 16.0.30114.105
MinimumVisualStudioVersion = 10.0.40219.1
Project("{2150E333-8FDC-42A3-9474-1A3956D46DE8}") = "Back", "Back", "{88E014A8-84E2-451E-B0AA-F68233D95405}"
EndProject
Project("{2150E333-8FDC-42A3-9474-1A3956D46DE8}") = "src", "src", "{D45BFEC4-F6FA-4AB2-A58F-27CC0D666D42}"
EndProject
Project("{FAE04EC0-301F-11D3-BF4B-00C04F79EFBC}") = "ProEventos.API", "Back\src\ProEventos.API\ProEventos.API.csproj", "{C0ACE89C-263E-4DB9-885F-1C9AB57FB307}"
EndProject
Global
	GlobalSection(SolutionConfigurationPlatforms) = preSolution
		Debug|Any CPU = Debug|Any CPU
		Release|Any CPU = Release|Any CPU
	EndGlobalSection
	GlobalSection(SolutionProperties) = preSolution
		HideSolutionNode = FALSE
	EndGlobalSection
	GlobalSection(ProjectConfigurationPlatforms) = postSolution
		{C0ACE89C-263E-4DB9-885F-1C9AB57FB307}.Debug|Any CPU.ActiveCfg = Debug|Any CPU
		{C0ACE89C-263E-4DB9-885F-1C9AB57FB307}.Debug|Any CPU.Build.0 = Debug|Any CPU
		{C0ACE89C-263E-4DB9-885F-1C9AB57FB307}.Release|Any CPU.ActiveCfg = Release|Any CPU
		{C0ACE89C-263E-4DB9-885F-1C9AB57FB307}.Release|Any CPU.Build.0 = Release|Any CPU
	EndGlobalSection
	GlobalSection(NestedProjects) = preSolution
		{D45BFEC4-F6FA-4AB2-A58F-27CC0D666D42} = {88E014A8-84E2-451E-B0AA-F68233D95405}
		{C0ACE89C-263E-4DB9-885F-1C9AB57FB307} = {D45BFEC4-F6FA-4AB2-A58F-27CC0D666D42}
	EndGlobalSection
EndGlobal
